
Microsoft Visual Studio Solution File, Format Version 12.00
# Visual Studio Version 17
VisualStudioVersion = 17.5.33627.172
MinimumVisualStudioVersion = 10.0.40219.1
Project("{9A19103F-16F7-4668-BE54-9A1E7A4F7556}") = "MealGeniusBackend", "MealGeniusBackend.csproj", "{AFA0D644-0D2B-43B8-B241-BB2C0977DE4C}"
EndProject
Project("{9A19103F-16F7-4668-BE54-9A1E7A4F7556}") = "BMR calculation", "..\BMR calculation\BMR calculation.csproj", "{52111D61-964C-45A9-8006-C8972995645B}"
EndProject
Project("{9A19103F-16F7-4668-BE54-9A1E7A4F7556}") = "Dalle3-ConsoleApp", "..\Dalle3-ConsoleApp\Dalle3-ConsoleApp.csproj", "{DF1CA347-DD50-433B-95DB-409A99AD4544}"
EndProject
Project("{9A19103F-16F7-4668-BE54-9A1E7A4F7556}") = "OpenAI-Function-calling", "..\OpenAI-Function-calling\OpenAI-Function-calling.csproj", "{A257822C-A26D-47B8-B0AF-A1FDCA1DAF51}"
EndProject
Project("{9A19103F-16F7-4668-BE54-9A1E7A4F7556}") = "PixabayAPIExample", "..\PixabayAPIExample\PixabayAPIExample.csproj", "{9C87E476-92B8-45EF-9F9D-90425BBCDEBF}"
EndProject
Project("{FAE04EC0-301F-11D3-BF4B-00C04F79EFBC}") = "GroceryList_ImageGenerator", "..\GroceryList_ImageGenerator\GroceryList_ImageGenerator.csproj", "{F7E910C5-DB14-4DBA-98BC-4C07AE1A73B5}"
EndProject
Global
	GlobalSection(SolutionConfigurationPlatforms) = preSolution
		Debug|Any CPU = Debug|Any CPU
		Release|Any CPU = Release|Any CPU
	EndGlobalSection
	GlobalSection(ProjectConfigurationPlatforms) = postSolution
		{AFA0D644-0D2B-43B8-B241-BB2C0977DE4C}.Debug|Any CPU.ActiveCfg = Debug|Any CPU
		{AFA0D644-0D2B-43B8-B241-BB2C0977DE4C}.Debug|Any CPU.Build.0 = Debug|Any CPU
		{AFA0D644-0D2B-43B8-B241-BB2C0977DE4C}.Release|Any CPU.ActiveCfg = Release|Any CPU
		{AFA0D644-0D2B-43B8-B241-BB2C0977DE4C}.Release|Any CPU.Build.0 = Release|Any CPU
		{52111D61-964C-45A9-8006-C8972995645B}.Debug|Any CPU.ActiveCfg = Debug|Any CPU
		{52111D61-964C-45A9-8006-C8972995645B}.Debug|Any CPU.Build.0 = Debug|Any CPU
		{52111D61-964C-45A9-8006-C8972995645B}.Release|Any CPU.ActiveCfg = Release|Any CPU
		{52111D61-964C-45A9-8006-C8972995645B}.Release|Any CPU.Build.0 = Release|Any CPU
		{DF1CA347-DD50-433B-95DB-409A99AD4544}.Debug|Any CPU.ActiveCfg = Debug|Any CPU
		{DF1CA347-DD50-433B-95DB-409A99AD4544}.Debug|Any CPU.Build.0 = Debug|Any CPU
		{DF1CA347-DD50-433B-95DB-409A99AD4544}.Release|Any CPU.ActiveCfg = Release|Any CPU
		{DF1CA347-DD50-433B-95DB-409A99AD4544}.Release|Any CPU.Build.0 = Release|Any CPU
		{A257822C-A26D-47B8-B0AF-A1FDCA1DAF51}.Debug|Any CPU.ActiveCfg = Debug|Any CPU
		{A257822C-A26D-47B8-B0AF-A1FDCA1DAF51}.Debug|Any CPU.Build.0 = Debug|Any CPU
		{A257822C-A26D-47B8-B0AF-A1FDCA1DAF51}.Release|Any CPU.ActiveCfg = Release|Any CPU
		{A257822C-A26D-47B8-B0AF-A1FDCA1DAF51}.Release|Any CPU.Build.0 = Release|Any CPU
		{9C87E476-92B8-45EF-9F9D-90425BBCDEBF}.Debug|Any CPU.ActiveCfg = Debug|Any CPU
		{9C87E476-92B8-45EF-9F9D-90425BBCDEBF}.Debug|Any CPU.Build.0 = Debug|Any CPU
		{9C87E476-92B8-45EF-9F9D-90425BBCDEBF}.Release|Any CPU.ActiveCfg = Release|Any CPU
		{9C87E476-92B8-45EF-9F9D-90425BBCDEBF}.Release|Any CPU.Build.0 = Release|Any CPU
		{F7E910C5-DB14-4DBA-98BC-4C07AE1A73B5}.Debug|Any CPU.ActiveCfg = Debug|Any CPU
		{F7E910C5-DB14-4DBA-98BC-4C07AE1A73B5}.Debug|Any CPU.Build.0 = Debug|Any CPU
		{F7E910C5-DB14-4DBA-98BC-4C07AE1A73B5}.Release|Any CPU.ActiveCfg = Release|Any CPU
		{F7E910C5-DB14-4DBA-98BC-4C07AE1A73B5}.Release|Any CPU.Build.0 = Release|Any CPU
	EndGlobalSection
	GlobalSection(SolutionProperties) = preSolution
		HideSolutionNode = FALSE
	EndGlobalSection
	GlobalSection(ExtensibilityGlobals) = postSolution
		SolutionGuid = {967F2503-5B68-404A-B8D3-9080C3FE295D}
	EndGlobalSection
EndGlobal
